// !$*UTF8*$!
{
	archiveVersion = 1;
	classes = {
	};
	objectVersion = 50;
	objects = {

/* Begin PBXBuildFile section */
		0F0FFE1725D57DA300FB3E26 /* AppDelegate.swift in Sources */ = {isa = PBXBuildFile; fileRef = 0F0FFE1625D57DA300FB3E26 /* AppDelegate.swift */; };
		0F0FFE1925D57DA300FB3E26 /* SceneDelegate.swift in Sources */ = {isa = PBXBuildFile; fileRef = 0F0FFE1825D57DA300FB3E26 /* SceneDelegate.swift */; };
		0F0FFE1B25D57DA300FB3E26 /* ContentView.swift in Sources */ = {isa = PBXBuildFile; fileRef = 0F0FFE1A25D57DA300FB3E26 /* ContentView.swift */; };
		0F0FFE1D25D57DA800FB3E26 /* Assets.xcassets in Resources */ = {isa = PBXBuildFile; fileRef = 0F0FFE1C25D57DA800FB3E26 /* Assets.xcassets */; };
		0F0FFE2025D57DA800FB3E26 /* Preview Assets.xcassets in Resources */ = {isa = PBXBuildFile; fileRef = 0F0FFE1F25D57DA800FB3E26 /* Preview Assets.xcassets */; };
		0F0FFE2325D57DA800FB3E26 /* LaunchScreen.storyboard in Resources */ = {isa = PBXBuildFile; fileRef = 0F0FFE2125D57DA800FB3E26 /* LaunchScreen.storyboard */; };
		0F0FFE2B25D5814D00FB3E26 /* ExampleClass.swift in Sources */ = {isa = PBXBuildFile; fileRef = 0F0FFE2A25D5814D00FB3E26 /* ExampleClass.swift */; };
		0F0FFE2D25D58F9C00FB3E26 /* URLandCodableExample.swift in Sources */ = {isa = PBXBuildFile; fileRef = 0F0FFE2C25D58F9C00FB3E26 /* URLandCodableExample.swift */; };
		0F0FFE2F25D5935600FB3E26 /* FieldValidationExample.swift in Sources */ = {isa = PBXBuildFile; fileRef = 0F0FFE2E25D5935600FB3E26 /* FieldValidationExample.swift */; };
		0F0FFE3125D593EA00FB3E26 /* Order.swift in Sources */ = {isa = PBXBuildFile; fileRef = 0F0FFE3025D593EA00FB3E26 /* Order.swift */; };
		0F0FFE3325D59B1600FB3E26 /* AddressView.swift in Sources */ = {isa = PBXBuildFile; fileRef = 0F0FFE3225D59B1600FB3E26 /* AddressView.swift */; };
		0F0FFE3525D59E7F00FB3E26 /* CheckoutView.swift in Sources */ = {isa = PBXBuildFile; fileRef = 0F0FFE3425D59E7F00FB3E26 /* CheckoutView.swift */; };
/* End PBXBuildFile section */

/* Begin PBXFileReference section */
		0F0FFE1325D57DA300FB3E26 /* cupcakeCorner.app */ = {isa = PBXFileReference; explicitFileType = wrapper.application; includeInIndex = 0; path = cupcakeCorner.app; sourceTree = BUILT_PRODUCTS_DIR; };
		0F0FFE1625D57DA300FB3E26 /* AppDelegate.swift */ = {isa = PBXFileReference; lastKnownFileType = sourcecode.swift; path = AppDelegate.swift; sourceTree = "<group>"; };
		0F0FFE1825D57DA300FB3E26 /* SceneDelegate.swift */ = {isa = PBXFileReference; lastKnownFileType = sourcecode.swift; path = SceneDelegate.swift; sourceTree = "<group>"; };
		0F0FFE1A25D57DA300FB3E26 /* ContentView.swift */ = {isa = PBXFileReference; lastKnownFileType = sourcecode.swift; path = ContentView.swift; sourceTree = "<group>"; };
		0F0FFE1C25D57DA800FB3E26 /* Assets.xcassets */ = {isa = PBXFileReference; lastKnownFileType = folder.assetcatalog; path = Assets.xcassets; sourceTree = "<group>"; };
		0F0FFE1F25D57DA800FB3E26 /* Preview Assets.xcassets */ = {isa = PBXFileReference; lastKnownFileType = folder.assetcatalog; path = "Preview Assets.xcassets"; sourceTree = "<group>"; };
		0F0FFE2225D57DA800FB3E26 /* Base */ = {isa = PBXFileReference; lastKnownFileType = file.storyboard; name = Base; path = Base.lproj/LaunchScreen.storyboard; sourceTree = "<group>"; };
		0F0FFE2425D57DA800FB3E26 /* Info.plist */ = {isa = PBXFileReference; lastKnownFileType = text.plist.xml; path = Info.plist; sourceTree = "<group>"; };
		0F0FFE2A25D5814D00FB3E26 /* ExampleClass.swift */ = {isa = PBXFileReference; lastKnownFileType = sourcecode.swift; path = ExampleClass.swift; sourceTree = "<group>"; };
		0F0FFE2C25D58F9C00FB3E26 /* URLandCodableExample.swift */ = {isa = PBXFileReference; lastKnownFileType = sourcecode.swift; path = URLandCodableExample.swift; sourceTree = "<group>"; };
		0F0FFE2E25D5935600FB3E26 /* FieldValidationExample.swift */ = {isa = PBXFileReference; lastKnownFileType = sourcecode.swift; path = FieldValidationExample.swift; sourceTree = "<group>"; };
		0F0FFE3025D593EA00FB3E26 /* Order.swift */ = {isa = PBXFileReference; lastKnownFileType = sourcecode.swift; path = Order.swift; sourceTree = "<group>"; };
		0F0FFE3225D59B1600FB3E26 /* AddressView.swift */ = {isa = PBXFileReference; lastKnownFileType = sourcecode.swift; path = AddressView.swift; sourceTree = "<group>"; };
		0F0FFE3425D59E7F00FB3E26 /* CheckoutView.swift */ = {isa = PBXFileReference; lastKnownFileType = sourcecode.swift; path = CheckoutView.swift; sourceTree = "<group>"; };
/* End PBXFileReference section */

/* Begin PBXFrameworksBuildPhase section */
		0F0FFE1025D57DA300FB3E26 /* Frameworks */ = {
			isa = PBXFrameworksBuildPhase;
			buildActionMask = 2147483647;
			files = (
			);
			runOnlyForDeploymentPostprocessing = 0;
		};
/* End PBXFrameworksBuildPhase section */

/* Begin PBXGroup section */
		0F0FFE0A25D57DA200FB3E26 = {
			isa = PBXGroup;
			children = (
				0F0FFE1525D57DA300FB3E26 /* cupcakeCorner */,
				0F0FFE1425D57DA300FB3E26 /* Products */,
			);
			sourceTree = "<group>";
		};
		0F0FFE1425D57DA300FB3E26 /* Products */ = {
			isa = PBXGroup;
			children = (
				0F0FFE1325D57DA300FB3E26 /* cupcakeCorner.app */,
			);
			name = Products;
			sourceTree = "<group>";
		};
		0F0FFE1525D57DA300FB3E26 /* cupcakeCorner */ = {
			isa = PBXGroup;
			children = (
				0F0FFE2A25D5814D00FB3E26 /* ExampleClass.swift */,
				0F0FFE1625D57DA300FB3E26 /* AppDelegate.swift */,
				0F0FFE1825D57DA300FB3E26 /* SceneDelegate.swift */,
				0F0FFE1A25D57DA300FB3E26 /* ContentView.swift */,
				0F0FFE2C25D58F9C00FB3E26 /* URLandCodableExample.swift */,
				0F0FFE2E25D5935600FB3E26 /* FieldValidationExample.swift */,
				0F0FFE3025D593EA00FB3E26 /* Order.swift */,
				0F0FFE3225D59B1600FB3E26 /* AddressView.swift */,
				0F0FFE3425D59E7F00FB3E26 /* CheckoutView.swift */,
				0F0FFE1C25D57DA800FB3E26 /* Assets.xcassets */,
				0F0FFE2125D57DA800FB3E26 /* LaunchScreen.storyboard */,
				0F0FFE2425D57DA800FB3E26 /* Info.plist */,
				0F0FFE1E25D57DA800FB3E26 /* Preview Content */,
			);
			path = cupcakeCorner;
			sourceTree = "<group>";
		};
		0F0FFE1E25D57DA800FB3E26 /* Preview Content */ = {
			isa = PBXGroup;
			children = (
				0F0FFE1F25D57DA800FB3E26 /* Preview Assets.xcassets */,
			);
			path = "Preview Content";
			sourceTree = "<group>";
		};
/* End PBXGroup section */

/* Begin PBXNativeTarget section */
		0F0FFE1225D57DA300FB3E26 /* cupcakeCorner */ = {
			isa = PBXNativeTarget;
			buildConfigurationList = 0F0FFE2725D57DA800FB3E26 /* Build configuration list for PBXNativeTarget "cupcakeCorner" */;
			buildPhases = (
				0F0FFE0F25D57DA300FB3E26 /* Sources */,
				0F0FFE1025D57DA300FB3E26 /* Frameworks */,
				0F0FFE1125D57DA300FB3E26 /* Resources */,
			);
			buildRules = (
			);
			dependencies = (
			);
			name = cupcakeCorner;
			productName = cupcakeCorner;
			productReference = 0F0FFE1325D57DA300FB3E26 /* cupcakeCorner.app */;
			productType = "com.apple.product-type.application";
		};
/* End PBXNativeTarget section */

/* Begin PBXProject section */
		0F0FFE0B25D57DA300FB3E26 /* Project object */ = {
			isa = PBXProject;
			attributes = {
				LastSwiftUpdateCheck = 1160;
				LastUpgradeCheck = 1160;
				ORGANIZATIONNAME = "Travis Brigman";
				TargetAttributes = {
					0F0FFE1225D57DA300FB3E26 = {
						CreatedOnToolsVersion = 11.6;
					};
				};
			};
			buildConfigurationList = 0F0FFE0E25D57DA300FB3E26 /* Build configuration list for PBXProject "cupcakeCorner" */;
			compatibilityVersion = "Xcode 9.3";
			developmentRegion = en;
			hasScannedForEncodings = 0;
			knownRegions = (
				en,
				Base,
			);
			mainGroup = 0F0FFE0A25D57DA200FB3E26;
			productRefGroup = 0F0FFE1425D57DA300FB3E26 /* Products */;
			projectDirPath = "";
			projectRoot = "";
			targets = (
				0F0FFE1225D57DA300FB3E26 /* cupcakeCorner */,
			);
		};
/* End PBXProject section */

/* Begin PBXResourcesBuildPhase section */
		0F0FFE1125D57DA300FB3E26 /* Resources */ = {
			isa = PBXResourcesBuildPhase;
			buildActionMask = 2147483647;
			files = (
				0F0FFE2325D57DA800FB3E26 /* LaunchScreen.storyboard in Resources */,
				0F0FFE2025D57DA800FB3E26 /* Preview Assets.xcassets in Resources */,
				0F0FFE1D25D57DA800FB3E26 /* Assets.xcassets in Resources */,
			);
			runOnlyForDeploymentPostprocessing = 0;
		};
/* End PBXResourcesBuildPhase section */

/* Begin PBXSourcesBuildPhase section */
		0F0FFE0F25D57DA300FB3E26 /* Sources */ = {
			isa = PBXSourcesBuildPhase;
			buildActionMask = 2147483647;
			files = (
				0F0FFE2F25D5935600FB3E26 /* FieldValidationExample.swift in Sources */,
				0F0FFE1725D57DA300FB3E26 /* AppDelegate.swift in Sources */,
				0F0FFE2D25D58F9C00FB3E26 /* URLandCodableExample.swift in Sources */,
				0F0FFE1925D57DA300FB3E26 /* SceneDelegate.swift in Sources */,
				0F0FFE1B25D57DA300FB3E26 /* ContentView.swift in Sources */,
				0F0FFE3325D59B1600FB3E26 /* AddressView.swift in Sources */,
				0F0FFE2B25D5814D00FB3E26 /* ExampleClass.swift in Sources */,
				0F0FFE3125D593EA00FB3E26 /* Order.swift in Sources */,
				0F0FFE3525D59E7F00FB3E26 /* CheckoutView.swift in Sources */,
			);
			runOnlyForDeploymentPostprocessing = 0;
		};
/* End PBXSourcesBuildPhase section */

/* Begin PBXVariantGroup section */
		0F0FFE2125D57DA800FB3E26 /* LaunchScreen.storyboard */ = {
			isa = PBXVariantGroup;
			children = (
				0F0FFE2225D57DA800FB3E26 /* Base */,
			);
			name = LaunchScreen.storyboard;
			sourceTree = "<group>";
		};
/* End PBXVariantGroup section */

/* Begin XCBuildConfiguration section */
		0F0FFE2525D57DA800FB3E26 /* Debug */ = {
			isa = XCBuildConfiguration;
			buildSettings = {
				ALWAYS_SEARCH_USER_PATHS = NO;
				CLANG_ANALYZER_NONNULL = YES;
				CLANG_ANALYZER_NUMBER_OBJECT_CONVERSION = YES_AGGRESSIVE;
				CLANG_CXX_LANGUAGE_STANDARD = "gnu++14";
				CLANG_CXX_LIBRARY = "libc++";
				CLANG_ENABLE_MODULES = YES;
				CLANG_ENABLE_OBJC_ARC = YES;
				CLANG_ENABLE_OBJC_WEAK = YES;
				CLANG_WARN_BLOCK_CAPTURE_AUTORELEASING = YES;
				CLANG_WARN_BOOL_CONVERSION = YES;
				CLANG_WARN_COMMA = YES;
				CLANG_WARN_CONSTANT_CONVERSION = YES;
				CLANG_WARN_DEPRECATED_OBJC_IMPLEMENTATIONS = YES;
				CLANG_WARN_DIRECT_OBJC_ISA_USAGE = YES_ERROR;
				CLANG_WARN_DOCUMENTATION_COMMENTS = YES;
				CLANG_WARN_EMPTY_BODY = YES;
				CLANG_WARN_ENUM_CONVERSION = YES;
				CLANG_WARN_INFINITE_RECURSION = YES;
				CLANG_WARN_INT_CONVERSION = YES;
				CLANG_WARN_NON_LITERAL_NULL_CONVERSION = YES;
				CLANG_WARN_OBJC_IMPLICIT_RETAIN_SELF = YES;
				CLANG_WARN_OBJC_LITERAL_CONVERSION = YES;
				CLANG_WARN_OBJC_ROOT_CLASS = YES_ERROR;
				CLANG_WARN_RANGE_LOOP_ANALYSIS = YES;
				CLANG_WARN_STRICT_PROTOTYPES = YES;
				CLANG_WARN_SUSPICIOUS_MOVE = YES;
				CLANG_WARN_UNGUARDED_AVAILABILITY = YES_AGGRESSIVE;
				CLANG_WARN_UNREACHABLE_CODE = YES;
				CLANG_WARN__DUPLICATE_METHOD_MATCH = YES;
				COPY_PHASE_STRIP = NO;
				DEBUG_INFORMATION_FORMAT = dwarf;
				ENABLE_STRICT_OBJC_MSGSEND = YES;
				ENABLE_TESTABILITY = YES;
				GCC_C_LANGUAGE_STANDARD = gnu11;
				GCC_DYNAMIC_NO_PIC = NO;
				GCC_NO_COMMON_BLOCKS = YES;
				GCC_OPTIMIZATION_LEVEL = 0;
				GCC_PREPROCESSOR_DEFINITIONS = (
					"DEBUG=1",
					"$(inherited)",
				);
				GCC_WARN_64_TO_32_BIT_CONVERSION = YES;
				GCC_WARN_ABOUT_RETURN_TYPE = YES_ERROR;
				GCC_WARN_UNDECLARED_SELECTOR = YES;
				GCC_WARN_UNINITIALIZED_AUTOS = YES_AGGRESSIVE;
				GCC_WARN_UNUSED_FUNCTION = YES;
				GCC_WARN_UNUSED_VARIABLE = YES;
				IPHONEOS_DEPLOYMENT_TARGET = 13.6;
				MTL_ENABLE_DEBUG_INFO = INCLUDE_SOURCE;
				MTL_FAST_MATH = YES;
				ONLY_ACTIVE_ARCH = YES;
				SDKROOT = iphoneos;
				SWIFT_ACTIVE_COMPILATION_CONDITIONS = DEBUG;
				SWIFT_OPTIMIZATION_LEVEL = "-Onone";
			};
			name = Debug;
		};
		0F0FFE2625D57DA800FB3E26 /* Release */ = {
			isa = XCBuildConfiguration;
			buildSettings = {
				ALWAYS_SEARCH_USER_PATHS = NO;
				CLANG_ANALYZER_NONNULL = YES;
				CLANG_ANALYZER_NUMBER_OBJECT_CONVERSION = YES_AGGRESSIVE;
				CLANG_CXX_LANGUAGE_STANDARD = "gnu++14";
				CLANG_CXX_LIBRARY = "libc++";
				CLANG_ENABLE_MODULES = YES;
				CLANG_ENABLE_OBJC_ARC = YES;
				CLANG_ENABLE_OBJC_WEAK = YES;
				CLANG_WARN_BLOCK_CAPTURE_AUTORELEASING = YES;
				CLANG_WARN_BOOL_CONVERSION = YES;
				CLANG_WARN_COMMA = YES;
				CLANG_WARN_CONSTANT_CONVERSION = YES;
				CLANG_WARN_DEPRECATED_OBJC_IMPLEMENTATIONS = YES;
				CLANG_WARN_DIRECT_OBJC_ISA_USAGE = YES_ERROR;
				CLANG_WARN_DOCUMENTATION_COMMENTS = YES;
				CLANG_WARN_EMPTY_BODY = YES;
				CLANG_WARN_ENUM_CONVERSION = YES;
				CLANG_WARN_INFINITE_RECURSION = YES;
				CLANG_WARN_INT_CONVERSION = YES;
				CLANG_WARN_NON_LITERAL_NULL_CONVERSION = YES;
				CLANG_WARN_OBJC_IMPLICIT_RETAIN_SELF = YES;
				CLANG_WARN_OBJC_LITERAL_CONVERSION = YES;
				CLANG_WARN_OBJC_ROOT_CLASS = YES_ERROR;
				CLANG_WARN_RANGE_LOOP_ANALYSIS = YES;
				CLANG_WARN_STRICT_PROTOTYPES = YES;
				CLANG_WARN_SUSPICIOUS_MOVE = YES;
				CLANG_WARN_UNGUARDED_AVAILABILITY = YES_AGGRESSIVE;
				CLANG_WARN_UNREACHABLE_CODE = YES;
				CLANG_WARN__DUPLICATE_METHOD_MATCH = YES;
				COPY_PHASE_STRIP = NO;
				DEBUG_INFORMATION_FORMAT = "dwarf-with-dsym";
				ENABLE_NS_ASSERTIONS = NO;
				ENABLE_STRICT_OBJC_MSGSEND = YES;
				GCC_C_LANGUAGE_STANDARD = gnu11;
				GCC_NO_COMMON_BLOCKS = YES;
				GCC_WARN_64_TO_32_BIT_CONVERSION = YES;
				GCC_WARN_ABOUT_RETURN_TYPE = YES_ERROR;
				GCC_WARN_UNDECLARED_SELECTOR = YES;
				GCC_WARN_UNINITIALIZED_AUTOS = YES_AGGRESSIVE;
				GCC_WARN_UNUSED_FUNCTION = YES;
				GCC_WARN_UNUSED_VARIABLE = YES;
				IPHONEOS_DEPLOYMENT_TARGET = 13.6;
				MTL_ENABLE_DEBUG_INFO = NO;
				MTL_FAST_MATH = YES;
				SDKROOT = iphoneos;
				SWIFT_COMPILATION_MODE = wholemodule;
				SWIFT_OPTIMIZATION_LEVEL = "-O";
				VALIDATE_PRODUCT = YES;
			};
			name = Release;
		};
		0F0FFE2825D57DA800FB3E26 /* Debug */ = {
			isa = XCBuildConfiguration;
			buildSettings = {
				ASSETCATALOG_COMPILER_APPICON_NAME = AppIcon;
				CODE_SIGN_STYLE = Automatic;
				DEVELOPMENT_ASSET_PATHS = "\"cupcakeCorner/Preview Content\"";
				DEVELOPMENT_TEAM = 73X37M5BQV;
				ENABLE_PREVIEWS = YES;
				INFOPLIST_FILE = cupcakeCorner/Info.plist;
				LD_RUNPATH_SEARCH_PATHS = (
					"$(inherited)",
					"@executable_path/Frameworks",
				);
				PRODUCT_BUNDLE_IDENTIFIER = dev.travisbrigman.cupcakeCorner;
				PRODUCT_NAME = "$(TARGET_NAME)";
				SWIFT_VERSION = 5.0;
				TARGETED_DEVICE_FAMILY = "1,2";
			};
			name = Debug;
		};
		0F0FFE2925D57DA800FB3E26 /* Release */ = {
			isa = XCBuildConfiguration;
			buildSettings = {
				ASSETCATALOG_COMPILER_APPICON_NAME = AppIcon;
				CODE_SIGN_STYLE = Automatic;
				DEVELOPMENT_ASSET_PATHS = "\"cupcakeCorner/Preview Content\"";
				DEVELOPMENT_TEAM = 73X37M5BQV;
				ENABLE_PREVIEWS = YES;
				INFOPLIST_FILE = cupcakeCorner/Info.plist;
				LD_RUNPATH_SEARCH_PATHS = (
					"$(inherited)",
					"@executable_path/Frameworks",
				);
				PRODUCT_BUNDLE_IDENTIFIER = dev.travisbrigman.cupcakeCorner;
				PRODUCT_NAME = "$(TARGET_NAME)";
				SWIFT_VERSION = 5.0;
				TARGETED_DEVICE_FAMILY = "1,2";
			};
			name = Release;
		};
/* End XCBuildConfiguration section */

/* Begin XCConfigurationList section */
		0F0FFE0E25D57DA300FB3E26 /* Build configuration list for PBXProject "cupcakeCorner" */ = {
			isa = XCConfigurationList;
			buildConfigurations = (
				0F0FFE2525D57DA800FB3E26 /* Debug */,
				0F0FFE2625D57DA800FB3E26 /* Release */,
			);
			defaultConfigurationIsVisible = 0;
			defaultConfigurationName = Release;
		};
		0F0FFE2725D57DA800FB3E26 /* Build configuration list for PBXNativeTarget "cupcakeCorner" */ = {
			isa = XCConfigurationList;
			buildConfigurations = (
				0F0FFE2825D57DA800FB3E26 /* Debug */,
				0F0FFE2925D57DA800FB3E26 /* Release */,
			);
			defaultConfigurationIsVisible = 0;
			defaultConfigurationName = Release;
		};
/* End XCConfigurationList section */
	};
	rootObject = 0F0FFE0B25D57DA300FB3E26 /* Project object */;
}
